
Microsoft Visual Studio Solution File, Format Version 12.00
# Visual Studio Version 17
VisualStudioVersion = 17.4.33122.133
MinimumVisualStudioVersion = 10.0.40219.1
Project("{FAE04EC0-301F-11D3-BF4B-00C04F79EFBC}") = "Regenerate_Indexes", "Regenerate_Indexes\Regenerate_Indexes.csproj", "{6CB78CE7-89DE-48F6-B40E-D411941FD275}"
EndProject
Global
	GlobalSection(SolutionConfigurationPlatforms) = preSolution
		Debug|Any CPU = Debug|Any CPU
		Release|Any CPU = Release|Any CPU
	EndGlobalSection
	GlobalSection(ProjectConfigurationPlatforms) = postSolution
		{6CB78CE7-89DE-48F6-B40E-D411941FD275}.Debug|Any CPU.ActiveCfg = Debug|Any CPU
		{6CB78CE7-89DE-48F6-B40E-D411941FD275}.Debug|Any CPU.Build.0 = Debug|Any CPU
		{6CB78CE7-89DE-48F6-B40E-D411941FD275}.Release|Any CPU.ActiveCfg = Release|Any CPU
		{6CB78CE7-89DE-48F6-B40E-D411941FD275}.Release|Any CPU.Build.0 = Release|Any CPU
	EndGlobalSection
	GlobalSection(SolutionProperties) = preSolution
		HideSolutionNode = FALSE
	EndGlobalSection
	GlobalSection(ExtensibilityGlobals) = postSolution
		SolutionGuid = {06E2A8BD-D112-4B23-A4AB-6A1AC13AF6AC}
	EndGlobalSection
EndGlobal
